
Microsoft Visual Studio Solution File, Format Version 12.00
# Visual Studio Version 16
VisualStudioVersion = 16.0.31025.218
MinimumVisualStudioVersion = 10.0.40219.1
Project("{FAE04EC0-301F-11D3-BF4B-00C04F79EFBC}") = "DelegateDemystification", "DelegateDemystification\DelegateDemystification.csproj", "{60A5FD4C-205C-44C7-90B3-EB72C418DCB1}"
EndProject
Global
	GlobalSection(SolutionConfigurationPlatforms) = preSolution
		Debug|Any CPU = Debug|Any CPU
		Release|Any CPU = Release|Any CPU
	EndGlobalSection
	GlobalSection(ProjectConfigurationPlatforms) = postSolution
		{60A5FD4C-205C-44C7-90B3-EB72C418DCB1}.Debug|Any CPU.ActiveCfg = Debug|Any CPU
		{60A5FD4C-205C-44C7-90B3-EB72C418DCB1}.Debug|Any CPU.Build.0 = Debug|Any CPU
		{60A5FD4C-205C-44C7-90B3-EB72C418DCB1}.Release|Any CPU.ActiveCfg = Release|Any CPU
		{60A5FD4C-205C-44C7-90B3-EB72C418DCB1}.Release|Any CPU.Build.0 = Release|Any CPU
	EndGlobalSection
	GlobalSection(SolutionProperties) = preSolution
		HideSolutionNode = FALSE
	EndGlobalSection
	GlobalSection(ExtensibilityGlobals) = postSolution
		SolutionGuid = {295361B0-34EB-426C-BE14-BFC4CBA1C945}
	EndGlobalSection
EndGlobal
